
Microsoft Visual Studio Solution File, Format Version 12.00
# Visual Studio Version 16
VisualStudioVersion = 16.0.31105.61
MinimumVisualStudioVersion = 10.0.40219.1
Project("{FAE04EC0-301F-11D3-BF4B-00C04F79EFBC}") = "AutomaticProperties", "AutomaticProperties\AutomaticProperties.csproj", "{1EAA005F-6C2C-4615-BE28-FD14659792AF}"
EndProject
Project("{FAE04EC0-301F-11D3-BF4B-00C04F79EFBC}") = "WindowProperties", "WindowProperties\WindowProperties.csproj", "{3511248A-EA18-46C1-A551-18C7D17CBB51}"
EndProject
Project("{FAE04EC0-301F-11D3-BF4B-00C04F79EFBC}") = "Indexers", "Indexers\Indexers.csproj", "{7C105756-7BD4-40AD-BA7D-FDCEA6D1D36A}"
EndProject
Project("{FAE04EC0-301F-11D3-BF4B-00C04F79EFBC}") = "Clock", "ClockDlg\Clock.csproj", "{A6FF9DB6-2BDC-48EA-B761-FCF69B1C42DF}"
EndProject
Project("{FAE04EC0-301F-11D3-BF4B-00C04F79EFBC}") = "ClockEvent", "ClockEvent\ClockEvent.csproj", "{11D809E0-8ECF-4C1B-88E5-BB391E99DDED}"
EndProject
Project("{FAE04EC0-301F-11D3-BF4B-00C04F79EFBC}") = "BinaryTree", "BinaryTree\BinaryTree.csproj", "{98299A17-0135-4927-9EDB-CE1745B933B4}"
EndProject
Project("{FAE04EC0-301F-11D3-BF4B-00C04F79EFBC}") = "BinaryTreeTest", "BinaryTreeTest - Complete\BinaryTreeTest.csproj", "{47D27BC1-4370-4FCB-952A-FD44128DAE7F}"
EndProject
Project("{FAE04EC0-301F-11D3-BF4B-00C04F79EFBC}") = "BuildTree", "BuildTree\BuildTree.csproj", "{31192EE9-359A-4FF6-8D1D-105B6DE96B61}"
EndProject
Project("{FAE04EC0-301F-11D3-BF4B-00C04F79EFBC}") = "BinaryTree19", "BinaryTreeI\BinaryTree19.csproj", "{66D70649-AB1F-4077-9EE2-A4349E61C77E}"
EndProject
Project("{FAE04EC0-301F-11D3-BF4B-00C04F79EFBC}") = "EnumeratorTest", "EnumeratorTest - Complete\EnumeratorTest.csproj", "{FF7F68EA-DF07-4746-8F6A-F4E6D41220C5}"
EndProject
Project("{FAE04EC0-301F-11D3-BF4B-00C04F79EFBC}") = "BinaryTreeIt", "BinaryTreeIt\BinaryTreeIt.csproj", "{3A8A7AF1-A214-4A38-99B5-0FF3C29AB9AC}"
EndProject
Project("{FAE04EC0-301F-11D3-BF4B-00C04F79EFBC}") = "BellRingers", "BellRingers\BellRingers.csproj", "{E1643304-1465-47F2-9330-6FF59AD9428E}"
EndProject
Project("{FAE04EC0-301F-11D3-BF4B-00C04F79EFBC}") = "BellRingersMenu", "BellRingersMenu\BellRingersMenu.csproj", "{92A731DF-13B2-4C59-BFA9-D97A2C392EC4}"
EndProject
Global
	GlobalSection(SolutionConfigurationPlatforms) = preSolution
		Debug|Any CPU = Debug|Any CPU
		Debug|x86 = Debug|x86
		Release|Any CPU = Release|Any CPU
		Release|x86 = Release|x86
	EndGlobalSection
	GlobalSection(ProjectConfigurationPlatforms) = postSolution
		{1EAA005F-6C2C-4615-BE28-FD14659792AF}.Debug|Any CPU.ActiveCfg = Debug|Any CPU
		{1EAA005F-6C2C-4615-BE28-FD14659792AF}.Debug|Any CPU.Build.0 = Debug|Any CPU
		{1EAA005F-6C2C-4615-BE28-FD14659792AF}.Debug|x86.ActiveCfg = Debug|Any CPU
		{1EAA005F-6C2C-4615-BE28-FD14659792AF}.Debug|x86.Build.0 = Debug|Any CPU
		{1EAA005F-6C2C-4615-BE28-FD14659792AF}.Release|Any CPU.ActiveCfg = Release|Any CPU
		{1EAA005F-6C2C-4615-BE28-FD14659792AF}.Release|Any CPU.Build.0 = Release|Any CPU
		{1EAA005F-6C2C-4615-BE28-FD14659792AF}.Release|x86.ActiveCfg = Release|Any CPU
		{1EAA005F-6C2C-4615-BE28-FD14659792AF}.Release|x86.Build.0 = Release|Any CPU
		{3511248A-EA18-46C1-A551-18C7D17CBB51}.Debug|Any CPU.ActiveCfg = Debug|Any CPU
		{3511248A-EA18-46C1-A551-18C7D17CBB51}.Debug|Any CPU.Build.0 = Debug|Any CPU
		{3511248A-EA18-46C1-A551-18C7D17CBB51}.Debug|x86.ActiveCfg = Debug|Any CPU
		{3511248A-EA18-46C1-A551-18C7D17CBB51}.Debug|x86.Build.0 = Debug|Any CPU
		{3511248A-EA18-46C1-A551-18C7D17CBB51}.Release|Any CPU.ActiveCfg = Release|Any CPU
		{3511248A-EA18-46C1-A551-18C7D17CBB51}.Release|Any CPU.Build.0 = Release|Any CPU
		{3511248A-EA18-46C1-A551-18C7D17CBB51}.Release|x86.ActiveCfg = Release|Any CPU
		{3511248A-EA18-46C1-A551-18C7D17CBB51}.Release|x86.Build.0 = Release|Any CPU
		{7C105756-7BD4-40AD-BA7D-FDCEA6D1D36A}.Debug|Any CPU.ActiveCfg = Debug|Any CPU
		{7C105756-7BD4-40AD-BA7D-FDCEA6D1D36A}.Debug|Any CPU.Build.0 = Debug|Any CPU
		{7C105756-7BD4-40AD-BA7D-FDCEA6D1D36A}.Debug|x86.ActiveCfg = Debug|Any CPU
		{7C105756-7BD4-40AD-BA7D-FDCEA6D1D36A}.Debug|x86.Build.0 = Debug|Any CPU
		{7C105756-7BD4-40AD-BA7D-FDCEA6D1D36A}.Release|Any CPU.ActiveCfg = Release|Any CPU
		{7C105756-7BD4-40AD-BA7D-FDCEA6D1D36A}.Release|Any CPU.Build.0 = Release|Any CPU
		{7C105756-7BD4-40AD-BA7D-FDCEA6D1D36A}.Release|x86.ActiveCfg = Release|Any CPU
		{7C105756-7BD4-40AD-BA7D-FDCEA6D1D36A}.Release|x86.Build.0 = Release|Any CPU
		{A6FF9DB6-2BDC-48EA-B761-FCF69B1C42DF}.Debug|Any CPU.ActiveCfg = Debug|Any CPU
		{A6FF9DB6-2BDC-48EA-B761-FCF69B1C42DF}.Debug|Any CPU.Build.0 = Debug|Any CPU
		{A6FF9DB6-2BDC-48EA-B761-FCF69B1C42DF}.Debug|x86.ActiveCfg = Debug|Any CPU
		{A6FF9DB6-2BDC-48EA-B761-FCF69B1C42DF}.Debug|x86.Build.0 = Debug|Any CPU
		{A6FF9DB6-2BDC-48EA-B761-FCF69B1C42DF}.Release|Any CPU.ActiveCfg = Release|Any CPU
		{A6FF9DB6-2BDC-48EA-B761-FCF69B1C42DF}.Release|Any CPU.Build.0 = Release|Any CPU
		{A6FF9DB6-2BDC-48EA-B761-FCF69B1C42DF}.Release|x86.ActiveCfg = Release|Any CPU
		{A6FF9DB6-2BDC-48EA-B761-FCF69B1C42DF}.Release|x86.Build.0 = Release|Any CPU
		{11D809E0-8ECF-4C1B-88E5-BB391E99DDED}.Debug|Any CPU.ActiveCfg = Debug|Any CPU
		{11D809E0-8ECF-4C1B-88E5-BB391E99DDED}.Debug|Any CPU.Build.0 = Debug|Any CPU
		{11D809E0-8ECF-4C1B-88E5-BB391E99DDED}.Debug|x86.ActiveCfg = Debug|Any CPU
		{11D809E0-8ECF-4C1B-88E5-BB391E99DDED}.Debug|x86.Build.0 = Debug|Any CPU
		{11D809E0-8ECF-4C1B-88E5-BB391E99DDED}.Release|Any CPU.ActiveCfg = Release|Any CPU
		{11D809E0-8ECF-4C1B-88E5-BB391E99DDED}.Release|Any CPU.Build.0 = Release|Any CPU
		{11D809E0-8ECF-4C1B-88E5-BB391E99DDED}.Release|x86.ActiveCfg = Release|Any CPU
		{11D809E0-8ECF-4C1B-88E5-BB391E99DDED}.Release|x86.Build.0 = Release|Any CPU
		{98299A17-0135-4927-9EDB-CE1745B933B4}.Debug|Any CPU.ActiveCfg = Debug|Any CPU
		{98299A17-0135-4927-9EDB-CE1745B933B4}.Debug|Any CPU.Build.0 = Debug|Any CPU
		{98299A17-0135-4927-9EDB-CE1745B933B4}.Debug|x86.ActiveCfg = Debug|Any CPU
		{98299A17-0135-4927-9EDB-CE1745B933B4}.Debug|x86.Build.0 = Debug|Any CPU
		{98299A17-0135-4927-9EDB-CE1745B933B4}.Release|Any CPU.ActiveCfg = Release|Any CPU
		{98299A17-0135-4927-9EDB-CE1745B933B4}.Release|Any CPU.Build.0 = Release|Any CPU
		{98299A17-0135-4927-9EDB-CE1745B933B4}.Release|x86.ActiveCfg = Release|Any CPU
		{98299A17-0135-4927-9EDB-CE1745B933B4}.Release|x86.Build.0 = Release|Any CPU
		{47D27BC1-4370-4FCB-952A-FD44128DAE7F}.Debug|Any CPU.ActiveCfg = Debug|Any CPU
		{47D27BC1-4370-4FCB-952A-FD44128DAE7F}.Debug|Any CPU.Build.0 = Debug|Any CPU
		{47D27BC1-4370-4FCB-952A-FD44128DAE7F}.Debug|x86.ActiveCfg = Debug|Any CPU
		{47D27BC1-4370-4FCB-952A-FD44128DAE7F}.Debug|x86.Build.0 = Debug|Any CPU
		{47D27BC1-4370-4FCB-952A-FD44128DAE7F}.Release|Any CPU.ActiveCfg = Release|Any CPU
		{47D27BC1-4370-4FCB-952A-FD44128DAE7F}.Release|Any CPU.Build.0 = Release|Any CPU
		{47D27BC1-4370-4FCB-952A-FD44128DAE7F}.Release|x86.ActiveCfg = Release|Any CPU
		{47D27BC1-4370-4FCB-952A-FD44128DAE7F}.Release|x86.Build.0 = Release|Any CPU
		{31192EE9-359A-4FF6-8D1D-105B6DE96B61}.Debug|Any CPU.ActiveCfg = Debug|Any CPU
		{31192EE9-359A-4FF6-8D1D-105B6DE96B61}.Debug|Any CPU.Build.0 = Debug|Any CPU
		{31192EE9-359A-4FF6-8D1D-105B6DE96B61}.Debug|x86.ActiveCfg = Debug|Any CPU
		{31192EE9-359A-4FF6-8D1D-105B6DE96B61}.Debug|x86.Build.0 = Debug|Any CPU
		{31192EE9-359A-4FF6-8D1D-105B6DE96B61}.Release|Any CPU.ActiveCfg = Release|Any CPU
		{31192EE9-359A-4FF6-8D1D-105B6DE96B61}.Release|Any CPU.Build.0 = Release|Any CPU
		{31192EE9-359A-4FF6-8D1D-105B6DE96B61}.Release|x86.ActiveCfg = Release|Any CPU
		{31192EE9-359A-4FF6-8D1D-105B6DE96B61}.Release|x86.Build.0 = Release|Any CPU
		{66D70649-AB1F-4077-9EE2-A4349E61C77E}.Debug|Any CPU.ActiveCfg = Debug|Any CPU
		{66D70649-AB1F-4077-9EE2-A4349E61C77E}.Debug|Any CPU.Build.0 = Debug|Any CPU
		{66D70649-AB1F-4077-9EE2-A4349E61C77E}.Debug|x86.ActiveCfg = Debug|Any CPU
		{66D70649-AB1F-4077-9EE2-A4349E61C77E}.Debug|x86.Build.0 = Debug|Any CPU
		{66D70649-AB1F-4077-9EE2-A4349E61C77E}.Release|Any CPU.ActiveCfg = Release|Any CPU
		{66D70649-AB1F-4077-9EE2-A4349E61C77E}.Release|Any CPU.Build.0 = Release|Any CPU
		{66D70649-AB1F-4077-9EE2-A4349E61C77E}.Release|x86.ActiveCfg = Release|Any CPU
		{66D70649-AB1F-4077-9EE2-A4349E61C77E}.Release|x86.Build.0 = Release|Any CPU
		{FF7F68EA-DF07-4746-8F6A-F4E6D41220C5}.Debug|Any CPU.ActiveCfg = Debug|Any CPU
		{FF7F68EA-DF07-4746-8F6A-F4E6D41220C5}.Debug|Any CPU.Build.0 = Debug|Any CPU
		{FF7F68EA-DF07-4746-8F6A-F4E6D41220C5}.Debug|x86.ActiveCfg = Debug|Any CPU
		{FF7F68EA-DF07-4746-8F6A-F4E6D41220C5}.Debug|x86.Build.0 = Debug|Any CPU
		{FF7F68EA-DF07-4746-8F6A-F4E6D41220C5}.Release|Any CPU.ActiveCfg = Release|Any CPU
		{FF7F68EA-DF07-4746-8F6A-F4E6D41220C5}.Release|Any CPU.Build.0 = Release|Any CPU
		{FF7F68EA-DF07-4746-8F6A-F4E6D41220C5}.Release|x86.ActiveCfg = Release|Any CPU
		{FF7F68EA-DF07-4746-8F6A-F4E6D41220C5}.Release|x86.Build.0 = Release|Any CPU
		{3A8A7AF1-A214-4A38-99B5-0FF3C29AB9AC}.Debug|Any CPU.ActiveCfg = Debug|Any CPU
		{3A8A7AF1-A214-4A38-99B5-0FF3C29AB9AC}.Debug|Any CPU.Build.0 = Debug|Any CPU
		{3A8A7AF1-A214-4A38-99B5-0FF3C29AB9AC}.Debug|x86.ActiveCfg = Debug|Any CPU
		{3A8A7AF1-A214-4A38-99B5-0FF3C29AB9AC}.Debug|x86.Build.0 = Debug|Any CPU
		{3A8A7AF1-A214-4A38-99B5-0FF3C29AB9AC}.Release|Any CPU.ActiveCfg = Release|Any CPU
		{3A8A7AF1-A214-4A38-99B5-0FF3C29AB9AC}.Release|Any CPU.Build.0 = Release|Any CPU
		{3A8A7AF1-A214-4A38-99B5-0FF3C29AB9AC}.Release|x86.ActiveCfg = Release|Any CPU
		{3A8A7AF1-A214-4A38-99B5-0FF3C29AB9AC}.Release|x86.Build.0 = Release|Any CPU
		{E1643304-1465-47F2-9330-6FF59AD9428E}.Debug|Any CPU.ActiveCfg = Debug|x86
		{E1643304-1465-47F2-9330-6FF59AD9428E}.Debug|x86.ActiveCfg = Debug|x86
		{E1643304-1465-47F2-9330-6FF59AD9428E}.Debug|x86.Build.0 = Debug|x86
		{E1643304-1465-47F2-9330-6FF59AD9428E}.Release|Any CPU.ActiveCfg = Release|x86
		{E1643304-1465-47F2-9330-6FF59AD9428E}.Release|x86.ActiveCfg = Release|x86
		{E1643304-1465-47F2-9330-6FF59AD9428E}.Release|x86.Build.0 = Release|x86
		{92A731DF-13B2-4C59-BFA9-D97A2C392EC4}.Debug|Any CPU.ActiveCfg = Debug|x86
		{92A731DF-13B2-4C59-BFA9-D97A2C392EC4}.Debug|x86.ActiveCfg = Debug|x86
		{92A731DF-13B2-4C59-BFA9-D97A2C392EC4}.Debug|x86.Build.0 = Debug|x86
		{92A731DF-13B2-4C59-BFA9-D97A2C392EC4}.Release|Any CPU.ActiveCfg = Release|x86
		{92A731DF-13B2-4C59-BFA9-D97A2C392EC4}.Release|x86.ActiveCfg = Release|x86
		{92A731DF-13B2-4C59-BFA9-D97A2C392EC4}.Release|x86.Build.0 = Release|x86
	EndGlobalSection
	GlobalSection(SolutionProperties) = preSolution
		HideSolutionNode = FALSE
	EndGlobalSection
	GlobalSection(ExtensibilityGlobals) = postSolution
		SolutionGuid = {D3DEEA88-E9F1-46A7-902B-4B9AF2EBDFD7}
	EndGlobalSection
EndGlobal
